
Microsoft Visual Studio Solution File, Format Version 12.00
# Visual Studio Version 17
VisualStudioVersion = 17.4.33213.308
MinimumVisualStudioVersion = 10.0.40219.1
Project("{E24C65DC-7377-472B-9ABA-BC803B73C61A}") = "AnaAldasoro", ".", "{87C30D6A-2736-4009-B2D4-56969B520F86}"
	ProjectSection(WebsiteProperties) = preProject
		TargetFrameworkMoniker = ".NETFramework,Version%3Dv4.8"
		Debug.AspNetCompiler.VirtualPath = "/localhost_63514"
		Debug.AspNetCompiler.PhysicalPath = "..\..\..\Projects\AnaAldasoro\"
		Debug.AspNetCompiler.TargetPath = "PrecompiledWeb\localhost_63514\"
		Debug.AspNetCompiler.Updateable = "true"
		Debug.AspNetCompiler.ForceOverwrite = "true"
		Debug.AspNetCompiler.FixedNames = "false"
		Debug.AspNetCompiler.Debug = "True"
		Release.AspNetCompiler.VirtualPath = "/localhost_63514"
		Release.AspNetCompiler.PhysicalPath = "..\..\..\Projects\AnaAldasoro\"
		Release.AspNetCompiler.TargetPath = "PrecompiledWeb\localhost_63514\"
		Release.AspNetCompiler.Updateable = "true"
		Release.AspNetCompiler.ForceOverwrite = "true"
		Release.AspNetCompiler.FixedNames = "false"
		Release.AspNetCompiler.Debug = "False"
		VWDPort = "63514"
	EndProjectSection
EndProject
Global
	GlobalSection(SolutionConfigurationPlatforms) = preSolution
		Debug|Any CPU = Debug|Any CPU
	EndGlobalSection
	GlobalSection(ProjectConfigurationPlatforms) = postSolution
		{87C30D6A-2736-4009-B2D4-56969B520F86}.Debug|Any CPU.ActiveCfg = Debug|Any CPU
		{87C30D6A-2736-4009-B2D4-56969B520F86}.Debug|Any CPU.Build.0 = Debug|Any CPU
	EndGlobalSection
	GlobalSection(SolutionProperties) = preSolution
		HideSolutionNode = FALSE
	EndGlobalSection
	GlobalSection(ExtensibilityGlobals) = postSolution
		SolutionGuid = {866802E7-FF7A-458D-9D38-834C618BD698}
	EndGlobalSection
EndGlobal
